
Microsoft Visual Studio Solution File, Format Version 12.00
# Visual Studio 2013
VisualStudioVersion = 12.0.31101.0
MinimumVisualStudioVersion = 10.0.40219.1
Project("{FAE04EC0-301F-11D3-BF4B-00C04F79EFBC}") = "WP17", "WP17\WP17.csproj", "{AB48A1A5-42DC-4C1D-8AE3-6C6FC0A08248}"
EndProject
Global
	GlobalSection(SolutionConfigurationPlatforms) = preSolution
		Debug|Any CPU = Debug|Any CPU
		Release|Any CPU = Release|Any CPU
	EndGlobalSection
	GlobalSection(ProjectConfigurationPlatforms) = postSolution
		{AB48A1A5-42DC-4C1D-8AE3-6C6FC0A08248}.Debug|Any CPU.ActiveCfg = Debug|Any CPU
		{AB48A1A5-42DC-4C1D-8AE3-6C6FC0A08248}.Debug|Any CPU.Build.0 = Debug|Any CPU
		{AB48A1A5-42DC-4C1D-8AE3-6C6FC0A08248}.Release|Any CPU.ActiveCfg = Release|Any CPU
		{AB48A1A5-42DC-4C1D-8AE3-6C6FC0A08248}.Release|Any CPU.Build.0 = Release|Any CPU
	EndGlobalSection
	GlobalSection(SolutionProperties) = preSolution
		HideSolutionNode = FALSE
	EndGlobalSection
EndGlobal
